
Microsoft Visual Studio Solution File, Format Version 12.00
# Visual Studio Version 17
VisualStudioVersion = 17.2.32630.192
MinimumVisualStudioVersion = 10.0.40219.1
Project("{9A19103F-16F7-4668-BE54-9A1E7A4F7556}") = "AlimentosAPI", "AlimentosAPI\AlimentosAPI.csproj", "{EA5E5EA6-5412-42BA-B301-141343BE1E0B}"
EndProject
Project("{9A19103F-16F7-4668-BE54-9A1E7A4F7556}") = "Negocio", "Negocio\Negocio.csproj", "{51716797-DB83-4315-B522-EF0BF7E5756F}"
EndProject
Project("{9A19103F-16F7-4668-BE54-9A1E7A4F7556}") = "Datos", "Datos\Datos.csproj", "{962DD1C4-5020-438C-B8EF-147503058EE3}"
EndProject
Project("{FAE04EC0-301F-11D3-BF4B-00C04F79EFBC}") = "Models", "Models\Models.csproj", "{950DDA0B-A7F5-488E-9813-821615F55832}"
EndProject
Global
	GlobalSection(SolutionConfigurationPlatforms) = preSolution
		Debug|Any CPU = Debug|Any CPU
		Release|Any CPU = Release|Any CPU
	EndGlobalSection
	GlobalSection(ProjectConfigurationPlatforms) = postSolution
		{EA5E5EA6-5412-42BA-B301-141343BE1E0B}.Debug|Any CPU.ActiveCfg = Debug|Any CPU
		{EA5E5EA6-5412-42BA-B301-141343BE1E0B}.Debug|Any CPU.Build.0 = Debug|Any CPU
		{EA5E5EA6-5412-42BA-B301-141343BE1E0B}.Release|Any CPU.ActiveCfg = Release|Any CPU
		{EA5E5EA6-5412-42BA-B301-141343BE1E0B}.Release|Any CPU.Build.0 = Release|Any CPU
		{51716797-DB83-4315-B522-EF0BF7E5756F}.Debug|Any CPU.ActiveCfg = Debug|Any CPU
		{51716797-DB83-4315-B522-EF0BF7E5756F}.Debug|Any CPU.Build.0 = Debug|Any CPU
		{51716797-DB83-4315-B522-EF0BF7E5756F}.Release|Any CPU.ActiveCfg = Release|Any CPU
		{51716797-DB83-4315-B522-EF0BF7E5756F}.Release|Any CPU.Build.0 = Release|Any CPU
		{962DD1C4-5020-438C-B8EF-147503058EE3}.Debug|Any CPU.ActiveCfg = Debug|Any CPU
		{962DD1C4-5020-438C-B8EF-147503058EE3}.Debug|Any CPU.Build.0 = Debug|Any CPU
		{962DD1C4-5020-438C-B8EF-147503058EE3}.Release|Any CPU.ActiveCfg = Release|Any CPU
		{962DD1C4-5020-438C-B8EF-147503058EE3}.Release|Any CPU.Build.0 = Release|Any CPU
		{950DDA0B-A7F5-488E-9813-821615F55832}.Debug|Any CPU.ActiveCfg = Debug|Any CPU
		{950DDA0B-A7F5-488E-9813-821615F55832}.Debug|Any CPU.Build.0 = Debug|Any CPU
		{950DDA0B-A7F5-488E-9813-821615F55832}.Release|Any CPU.ActiveCfg = Release|Any CPU
		{950DDA0B-A7F5-488E-9813-821615F55832}.Release|Any CPU.Build.0 = Release|Any CPU
	EndGlobalSection
	GlobalSection(SolutionProperties) = preSolution
		HideSolutionNode = FALSE
	EndGlobalSection
	GlobalSection(ExtensibilityGlobals) = postSolution
		SolutionGuid = {FD0A71F5-94D5-4C4A-A2F7-5504EFBF0BAB}
	EndGlobalSection
EndGlobal
